PODS:
  - Flutter (1.0.0)
  - NTESVerifyCode (3.2.8)
  - wangyi_yidun_flutter_plugin (0.0.1):
    - Flutter
    - NTESVerifyCode

DEPENDENCIES:
  - Flutter (from `Flutter`)
  - wangyi_yidun_flutter_plugin (from `.symlinks/plugins/wangyi_yidun_flutter_plugin/ios`)

SPEC REPOS:
  trunk:
    - NTESVerifyCode

EXTERNAL SOURCES:
  Flutter:
    :path: Flutter
  wangyi_yidun_flutter_plugin:
    :path: ".symlinks/plugins/wangyi_yidun_flutter_plugin/ios"

SPEC CHECKSUMS:
  Flutter: 0e3d915762c693b495b44d77113d4970485de6ec
  NTESVerifyCode: 1bb76683eefcd99da42bdb22d11ab24e9baeb171
  wangyi_yidun_flutter_plugin: ea79582f6a26a5314307f4c107a9e10ed2b5c2da

PODFILE CHECKSUM: 8e679eca47255a8ca8067c4c67aab20e64cb974d

COCOAPODS: 1.9.3
